
Microsoft Visual Studio Solution File, Format Version 11.00
# Visual Studio 2010
Project("{FAE04EC0-301F-11D3-BF4B-00C04F79EFBC}") = "Hurdles", "Assembly-CSharp.csproj", "{FBA268E2-EACE-126D-AD8B-635B5FC627E9}"
EndProject
Project("{FAE04EC0-301F-11D3-BF4B-00C04F79EFBC}") = "Hurdles", "Assembly-CSharp-Editor.csproj", "{AF4A45A9-958A-9FD8-4BA7-CA7D92F925F2}"
EndProject
Global
	GlobalSection(SolutionConfigurationPlatforms) = preSolution
		Debug|Any CPU = Debug|Any CPU
		Release|Any CPU = Release|Any CPU
	EndGlobalSection
	GlobalSection(ProjectConfigurationPlatforms) = postSolution
		{FBA268E2-EACE-126D-AD8B-635B5FC627E9}.Debug|Any CPU.ActiveCfg = Debug|Any CPU
		{FBA268E2-EACE-126D-AD8B-635B5FC627E9}.Debug|Any CPU.Build.0 = Debug|Any CPU
		{FBA268E2-EACE-126D-AD8B-635B5FC627E9}.Release|Any CPU.ActiveCfg = Release|Any CPU
		{FBA268E2-EACE-126D-AD8B-635B5FC627E9}.Release|Any CPU.Build.0 = Release|Any CPU
		{AF4A45A9-958A-9FD8-4BA7-CA7D92F925F2}.Debug|Any CPU.ActiveCfg = Debug|Any CPU
		{AF4A45A9-958A-9FD8-4BA7-CA7D92F925F2}.Debug|Any CPU.Build.0 = Debug|Any CPU
		{AF4A45A9-958A-9FD8-4BA7-CA7D92F925F2}.Release|Any CPU.ActiveCfg = Release|Any CPU
		{AF4A45A9-958A-9FD8-4BA7-CA7D92F925F2}.Release|Any CPU.Build.0 = Release|Any CPU
	EndGlobalSection
	GlobalSection(SolutionProperties) = preSolution
		HideSolutionNode = FALSE
	EndGlobalSection
	GlobalSection(MonoDevelopProperties) = preSolution
		StartupItem = Assembly-CSharp.csproj
	EndGlobalSection
EndGlobal
